# @generated by Move, please check-in and do not edit manually.

[move]
version = 3
manifest_digest = "FC710B3EF7F8868ED456BAA6FC5D09191F3EE288A506BEE290A309506AB9BADC"
deps_digest = "F9B494B64F0615AED0E98FC12A85B85ECD2BC5185C22D30E7F67786BB52E507C"
dependencies = [
  { id = "Sui", name = "Sui" },
  { id = "TokenBridge", name = "TokenBridge" },
  { id = "Wormhole", name = "Wormhole" },
  { id = "tbrv3_quoting_oracle", name = "tbrv3_quoting_oracle" },
]

[[move.package]]
id = "MoveStdlib"
source = { git = "https://github.com/MystenLabs/sui.git", rev = "framework/testnet", subdir = "crates\\sui-framework\\packages\\move-stdlib" }

[[move.package]]
id = "Sui"
source = { git = "https://github.com/MystenLabs/sui.git", rev = "framework/testnet", subdir = "crates/sui-framework/packages/sui-framework" }

dependencies = [
  { id = "MoveStdlib", name = "MoveStdlib" },
]

[[move.package]]
id = "TokenBridge"
source = { local = "..\\lib\\wormhole\\sui\\token_bridge" }

dependencies = [
  { id = "Sui", name = "Sui" },
]

dev-dependencies = [
  { id = "Wormhole", name = "Wormhole" },
]

[[move.package]]
id = "Wormhole"
source = { local = "..\\lib\\wormhole\\sui\\wormhole" }

dependencies = [
  { id = "Sui", name = "Sui" },
]

[[move.package]]
id = "tbrv3_quoting_oracle"
source = { local = "..\\lib\\relayer-infra-contracts\\src\\sui\\contracts" }

dependencies = [
  { id = "Sui", name = "Sui" },
]

[move.toolchain-version]
compiler-version = "1.35.0"
edition = "2024.beta"
flavor = "sui"
