# @generated by Move, please check-in and do not edit manually.

[move]
version = 3
manifest_digest = "035F2A33B2FFCFCEA8F56F703594A5E3F284AA8DB59806EB464B9F8C1D18041D"
deps_digest = "397E6A9F7A624706DBDFEE056CE88391A15876868FD18A88504DA74EB458D697"
dependencies = [
  { id = "Sui", name = "Sui" },
  { id = "TokenBridge", name = "TokenBridge" },
  { id = "Wormhole", name = "Wormhole" },
  { id = "tbrv3_quoting_oracle", name = "tbrv3_quoting_oracle" },
  { id = "xlabs", name = "xlabs" },
]

[[move.package]]
id = "MoveStdlib"
source = { git = "https://github.com/MystenLabs/sui.git", rev = "framework/testnet", subdir = "crates\\sui-framework\\packages\\move-stdlib" }

[[move.package]]
id = "Sui"
source = { git = "https://github.com/MystenLabs/sui.git", rev = "framework/testnet", subdir = "crates/sui-framework/packages/sui-framework" }

dependencies = [
  { id = "MoveStdlib", name = "MoveStdlib" },
]

[[move.package]]
id = "TokenBridge"
source = { local = "..\\lib\\wormhole\\sui\\token_bridge" }

dependencies = [
  { id = "Sui", name = "Sui" },
]

dev-dependencies = [
  { id = "Wormhole", name = "Wormhole" },
]

[[move.package]]
id = "Wormhole"
source = { local = "..\\lib\\wormhole\\sui\\wormhole" }

dependencies = [
  { id = "Sui", name = "Sui" },
]

[[move.package]]
id = "tbrv3_quoting_oracle"
source = { local = "..\\lib\\relayer-infra-contracts\\src\\sui\\contracts\\oracle" }

dependencies = [
  { id = "Sui", name = "Sui" },
  { id = "xlabs", name = "xlabs" },
]

[[move.package]]
id = "xlabs"
source = { local = "..\\lib\\relayer-infra-contracts\\src\\sui\\contracts\\xlabs" }

dependencies = [
  { id = "Sui", name = "Sui" },
]

[move.toolchain-version]
compiler-version = "1.35.0"
edition = "2024.beta"
flavor = "sui"
